
Microsoft Visual Studio Solution File, Format Version 12.00
# Visual Studio Version 16
VisualStudioVersion = 16.0.31624.102
MinimumVisualStudioVersion = 10.0.40219.1
Project("{FAE04EC0-301F-11D3-BF4B-00C04F79EFBC}") = "UserColorPreferences.API", "src\UserColorPreferences.API\UserColorPreferences.API.csproj", "{B7ADA6C6-90DE-4885-AA9F-B5FEF2DA2690}"
EndProject
Global
	GlobalSection(SolutionConfigurationPlatforms) = preSolution
		Debug|Any CPU = Debug|Any CPU
		Release|Any CPU = Release|Any CPU
	EndGlobalSection
	GlobalSection(ProjectConfigurationPlatforms) = postSolution
		{B7ADA6C6-90DE-4885-AA9F-B5FEF2DA2690}.Debug|Any CPU.ActiveCfg = Debug|Any CPU
		{B7ADA6C6-90DE-4885-AA9F-B5FEF2DA2690}.Debug|Any CPU.Build.0 = Debug|Any CPU
		{B7ADA6C6-90DE-4885-AA9F-B5FEF2DA2690}.Release|Any CPU.ActiveCfg = Release|Any CPU
		{B7ADA6C6-90DE-4885-AA9F-B5FEF2DA2690}.Release|Any CPU.Build.0 = Release|Any CPU
	EndGlobalSection
	GlobalSection(SolutionProperties) = preSolution
		HideSolutionNode = FALSE
	EndGlobalSection
	GlobalSection(ExtensibilityGlobals) = postSolution
		SolutionGuid = {94B449D9-D36E-41D5-B304-A9393F77E2CF}
	EndGlobalSection
EndGlobal
